// !$*UTF8*$!
{
	archiveVersion = 1;
	classes = {
	};
	objectVersion = 50;
	objects = {

/* Begin PBXBuildFile section */
		13DEFF5F240BE9C600760F1E /* AppDelegate.swift in Sources */ = {isa = PBXBuildFile; fileRef = 13DEFF5E240BE9C600760F1E /* AppDelegate.swift */; };
		13DEFF61240BE9C600760F1E /* SceneDelegate.swift in Sources */ = {isa = PBXBuildFile; fileRef = 13DEFF60240BE9C600760F1E /* SceneDelegate.swift */; };
		13DEFF63240BE9C600760F1E /* ViewController.swift in Sources */ = {isa = PBXBuildFile; fileRef = 13DEFF62240BE9C600760F1E /* ViewController.swift */; };
		13DEFF66240BE9C600760F1E /* Main.storyboard in Resources */ = {isa = PBXBuildFile; fileRef = 13DEFF64240BE9C600760F1E /* Main.storyboard */; };
		13DEFF68240BE9C700760F1E /* Assets.xcassets in Resources */ = {isa = PBXBuildFile; fileRef = 13DEFF67240BE9C700760F1E /* Assets.xcassets */; };
		13DEFF6B240BE9C700760F1E /* LaunchScreen.storyboard in Resources */ = {isa = PBXBuildFile; fileRef = 13DEFF69240BE9C700760F1E /* LaunchScreen.storyboard */; };
/* End PBXBuildFile section */

/* Begin PBXFileReference section */
		13DEFF5B240BE9C600760F1E /* Apple PIe.app */ = {isa = PBXFileReference; explicitFileType = wrapper.application; includeInIndex = 0; path = "Apple PIe.app"; sourceTree = BUILT_PRODUCTS_DIR; };
		13DEFF5E240BE9C600760F1E /* AppDelegate.swift */ = {isa = PBXFileReference; lastKnownFileType = sourcecode.swift; path = AppDelegate.swift; sourceTree = "<group>"; };
		13DEFF60240BE9C600760F1E /* SceneDelegate.swift */ = {isa = PBXFileReference; lastKnownFileType = sourcecode.swift; path = SceneDelegate.swift; sourceTree = "<group>"; };
		13DEFF62240BE9C600760F1E /* ViewController.swift */ = {isa = PBXFileReference; lastKnownFileType = sourcecode.swift; path = ViewController.swift; sourceTree = "<group>"; };
		13DEFF65240BE9C600760F1E /* Base */ = {isa = PBXFileReference; lastKnownFileType = file.storyboard; name = Base; path = Base.lproj/Main.storyboard; sourceTree = "<group>"; };
		13DEFF67240BE9C700760F1E /* Assets.xcassets */ = {isa = PBXFileReference; lastKnownFileType = folder.assetcatalog; path = Assets.xcassets; sourceTree = "<group>"; };
		13DEFF6A240BE9C700760F1E /* Base */ = {isa = PBXFileReference; lastKnownFileType = file.storyboard; name = Base; path = Base.lproj/LaunchScreen.storyboard; sourceTree = "<group>"; };
		13DEFF6C240BE9C700760F1E /* Info.plist */ = {isa = PBXFileReference; lastKnownFileType = text.plist.xml; path = Info.plist; sourceTree = "<group>"; };
/* End PBXFileReference section */

/* Begin PBXFrameworksBuildPhase section */
		13DEFF58240BE9C600760F1E /* Frameworks */ = {
			isa = PBXFrameworksBuildPhase;
			buildActionMask = 2147483647;
			files = (
			);
			runOnlyForDeploymentPostprocessing = 0;
		};
/* End PBXFrameworksBuildPhase section */

/* Begin PBXGroup section */
		13DEFF52240BE9C600760F1E = {
			isa = PBXGroup;
			children = (
				13DEFF5D240BE9C600760F1E /* Apple PIe */,
				13DEFF5C240BE9C600760F1E /* Products */,
			);
			sourceTree = "<group>";
		};
		13DEFF5C240BE9C600760F1E /* Products */ = {
			isa = PBXGroup;
			children = (
				13DEFF5B240BE9C600760F1E /* Apple PIe.app */,
			);
			name = Products;
			sourceTree = "<group>";
		};
		13DEFF5D240BE9C600760F1E /* Apple PIe */ = {
			isa = PBXGroup;
			children = (
				13DEFF5E240BE9C600760F1E /* AppDelegate.swift */,
				13DEFF60240BE9C600760F1E /* SceneDelegate.swift */,
				13DEFF62240BE9C600760F1E /* ViewController.swift */,
				13DEFF64240BE9C600760F1E /* Main.storyboard */,
				13DEFF67240BE9C700760F1E /* Assets.xcassets */,
				13DEFF69240BE9C700760F1E /* LaunchScreen.storyboard */,
				13DEFF6C240BE9C700760F1E /* Info.plist */,
			);
			path = "Apple PIe";
			sourceTree = "<group>";
		};
/* End PBXGroup section */

/* Begin PBXNativeTarget section */
		13DEFF5A240BE9C600760F1E /* Apple PIe */ = {
			isa = PBXNativeTarget;
			buildConfigurationList = 13DEFF6F240BE9C700760F1E /* Build configuration list for PBXNativeTarget "Apple PIe" */;
			buildPhases = (
				13DEFF57240BE9C600760F1E /* Sources */,
				13DEFF58240BE9C600760F1E /* Frameworks */,
				13DEFF59240BE9C600760F1E /* Resources */,
			);
			buildRules = (
			);
			dependencies = (
			);
			name = "Apple PIe";
			productName = "Apple PIe";
			productReference = 13DEFF5B240BE9C600760F1E /* Apple PIe.app */;
			productType = "com.apple.product-type.application";
		};
/* End PBXNativeTarget section */

/* Begin PBXProject section */
		13DEFF53240BE9C600760F1E /* Project object */ = {
			isa = PBXProject;
			attributes = {
				LastSwiftUpdateCheck = 1130;
				LastUpgradeCheck = 1130;
				ORGANIZATIONNAME = "My orginization";
				TargetAttributes = {
					13DEFF5A240BE9C600760F1E = {
						CreatedOnToolsVersion = 11.3.1;
					};
				};
			};
			buildConfigurationList = 13DEFF56240BE9C600760F1E /* Build configuration list for PBXProject "Apple PIe" */;
			compatibilityVersion = "Xcode 9.3";
			developmentRegion = en;
			hasScannedForEncodings = 0;
			knownRegions = (
				en,
				Base,
			);
			mainGroup = 13DEFF52240BE9C600760F1E;
			productRefGroup = 13DEFF5C240BE9C600760F1E /* Products */;
			projectDirPath = "";
			projectRoot = "";
			targets = (
				13DEFF5A240BE9C600760F1E /* Apple PIe */,
			);
		};
/* End PBXProject section */

/* Begin PBXResourcesBuildPhase section */
		13DEFF59240BE9C600760F1E /* Resources */ = {
			isa = PBXResourcesBuildPhase;
			buildActionMask = 2147483647;
			files = (
				13DEFF6B240BE9C700760F1E /* LaunchScreen.storyboard in Resources */,
				13DEFF68240BE9C700760F1E /* Assets.xcassets in Resources */,
				13DEFF66240BE9C600760F1E /* Main.storyboard in Resources */,
			);
			runOnlyForDeploymentPostprocessing = 0;
		};
/* End PBXResourcesBuildPhase section */

/* Begin PBXSourcesBuildPhase section */
		13DEFF57240BE9C600760F1E /* Sources */ = {
			isa = PBXSourcesBuildPhase;
			buildActionMask = 2147483647;
			files = (
				13DEFF63240BE9C600760F1E /* ViewController.swift in Sources */,
				13DEFF5F240BE9C600760F1E /* AppDelegate.swift in Sources */,
				13DEFF61240BE9C600760F1E /* SceneDelegate.swift in Sources */,
			);
			runOnlyForDeploymentPostprocessing = 0;
		};
/* End PBXSourcesBuildPhase section */

/* Begin PBXVariantGroup section */
		13DEFF64240BE9C600760F1E /* Main.storyboard */ = {
			isa = PBXVariantGroup;
			children = (
				13DEFF65240BE9C600760F1E /* Base */,
			);
			name = Main.storyboard;
			sourceTree = "<group>";
		};
		13DEFF69240BE9C700760F1E /* LaunchScreen.storyboard */ = {
			isa = PBXVariantGroup;
			children = (
				13DEFF6A240BE9C700760F1E /* Base */,
			);
			name = LaunchScreen.storyboard;
			sourceTree = "<group>";
		};
/* End PBXVariantGroup section */

/* Begin XCBuildConfiguration section */
		13DEFF6D240BE9C700760F1E /* Debug */ = {
			isa = XCBuildConfiguration;
			buildSettings = {
				ALWAYS_SEARCH_USER_PATHS = NO;
				CLANG_ANALYZER_NONNULL = YES;
				CLANG_ANALYZER_NUMBER_OBJECT_CONVERSION = YES_AGGRESSIVE;
				CLANG_CXX_LANGUAGE_STANDARD = "gnu++14";
				CLANG_CXX_LIBRARY = "libc++";
				CLANG_ENABLE_MODULES = YES;
				CLANG_ENABLE_OBJC_ARC = YES;
				CLANG_ENABLE_OBJC_WEAK = YES;
				CLANG_WARN_BLOCK_CAPTURE_AUTORELEASING = YES;
				CLANG_WARN_BOOL_CONVERSION = YES;
				CLANG_WARN_COMMA = YES;
				CLANG_WARN_CONSTANT_CONVERSION = YES;
				CLANG_WARN_DEPRECATED_OBJC_IMPLEMENTATIONS = YES;
				CLANG_WARN_DIRECT_OBJC_ISA_USAGE = YES_ERROR;
				CLANG_WARN_DOCUMENTATION_COMMENTS = YES;
				CLANG_WARN_EMPTY_BODY = YES;
				CLANG_WARN_ENUM_CONVERSION = YES;
				CLANG_WARN_INFINITE_RECURSION = YES;
				CLANG_WARN_INT_CONVERSION = YES;
				CLANG_WARN_NON_LITERAL_NULL_CONVERSION = YES;
				CLANG_WARN_OBJC_IMPLICIT_RETAIN_SELF = YES;
				CLANG_WARN_OBJC_LITERAL_CONVERSION = YES;
				CLANG_WARN_OBJC_ROOT_CLASS = YES_ERROR;
				CLANG_WARN_RANGE_LOOP_ANALYSIS = YES;
				CLANG_WARN_STRICT_PROTOTYPES = YES;
				CLANG_WARN_SUSPICIOUS_MOVE = YES;
				CLANG_WARN_UNGUARDED_AVAILABILITY = YES_AGGRESSIVE;
				CLANG_WARN_UNREACHABLE_CODE = YES;
				CLANG_WARN__DUPLICATE_METHOD_MATCH = YES;
				COPY_PHASE_STRIP = NO;
				DEBUG_INFORMATION_FORMAT = dwarf;
				ENABLE_STRICT_OBJC_MSGSEND = YES;
				ENABLE_TESTABILITY = YES;
				GCC_C_LANGUAGE_STANDARD = gnu11;
				GCC_DYNAMIC_NO_PIC = NO;
				GCC_NO_COMMON_BLOCKS = YES;
				GCC_OPTIMIZATION_LEVEL = 0;
				GCC_PREPROCESSOR_DEFINITIONS = (
					"DEBUG=1",
					"$(inherited)",
				);
				GCC_WARN_64_TO_32_BIT_CONVERSION = YES;
				GCC_WARN_ABOUT_RETURN_TYPE = YES_ERROR;
				GCC_WARN_UNDECLARED_SELECTOR = YES;
				GCC_WARN_UNINITIALIZED_AUTOS = YES_AGGRESSIVE;
				GCC_WARN_UNUSED_FUNCTION = YES;
				GCC_WARN_UNUSED_VARIABLE = YES;
				IPHONEOS_DEPLOYMENT_TARGET = 13.2;
				MTL_ENABLE_DEBUG_INFO = INCLUDE_SOURCE;
				MTL_FAST_MATH = YES;
				ONLY_ACTIVE_ARCH = YES;
				SDKROOT = iphoneos;
				SWIFT_ACTIVE_COMPILATION_CONDITIONS = DEBUG;
				SWIFT_OPTIMIZATION_LEVEL = "-Onone";
			};
			name = Debug;
		};
		13DEFF6E240BE9C700760F1E /* Release */ = {
			isa = XCBuildConfiguration;
			buildSettings = {
				ALWAYS_SEARCH_USER_PATHS = NO;
				CLANG_ANALYZER_NONNULL = YES;
				CLANG_ANALYZER_NUMBER_OBJECT_CONVERSION = YES_AGGRESSIVE;
				CLANG_CXX_LANGUAGE_STANDARD = "gnu++14";
				CLANG_CXX_LIBRARY = "libc++";
				CLANG_ENABLE_MODULES = YES;
				CLANG_ENABLE_OBJC_ARC = YES;
				CLANG_ENABLE_OBJC_WEAK = YES;
				CLANG_WARN_BLOCK_CAPTURE_AUTORELEASING = YES;
				CLANG_WARN_BOOL_CONVERSION = YES;
				CLANG_WARN_COMMA = YES;
				CLANG_WARN_CONSTANT_CONVERSION = YES;
				CLANG_WARN_DEPRECATED_OBJC_IMPLEMENTATIONS = YES;
				CLANG_WARN_DIRECT_OBJC_ISA_USAGE = YES_ERROR;
				CLANG_WARN_DOCUMENTATION_COMMENTS = YES;
				CLANG_WARN_EMPTY_BODY = YES;
				CLANG_WARN_ENUM_CONVERSION = YES;
				CLANG_WARN_INFINITE_RECURSION = YES;
				CLANG_WARN_INT_CONVERSION = YES;
				CLANG_WARN_NON_LITERAL_NULL_CONVERSION = YES;
				CLANG_WARN_OBJC_IMPLICIT_RETAIN_SELF = YES;
				CLANG_WARN_OBJC_LITERAL_CONVERSION = YES;
				CLANG_WARN_OBJC_ROOT_CLASS = YES_ERROR;
				CLANG_WARN_RANGE_LOOP_ANALYSIS = YES;
				CLANG_WARN_STRICT_PROTOTYPES = YES;
				CLANG_WARN_SUSPICIOUS_MOVE = YES;
				CLANG_WARN_UNGUARDED_AVAILABILITY = YES_AGGRESSIVE;
				CLANG_WARN_UNREACHABLE_CODE = YES;
				CLANG_WARN__DUPLICATE_METHOD_MATCH = YES;
				COPY_PHASE_STRIP = NO;
				DEBUG_INFORMATION_FORMAT = "dwarf-with-dsym";
				ENABLE_NS_ASSERTIONS = NO;
				ENABLE_STRICT_OBJC_MSGSEND = YES;
				GCC_C_LANGUAGE_STANDARD = gnu11;
				GCC_NO_COMMON_BLOCKS = YES;
				GCC_WARN_64_TO_32_BIT_CONVERSION = YES;
				GCC_WARN_ABOUT_RETURN_TYPE = YES_ERROR;
				GCC_WARN_UNDECLARED_SELECTOR = YES;
				GCC_WARN_UNINITIALIZED_AUTOS = YES_AGGRESSIVE;
				GCC_WARN_UNUSED_FUNCTION = YES;
				GCC_WARN_UNUSED_VARIABLE = YES;
				IPHONEOS_DEPLOYMENT_TARGET = 13.2;
				MTL_ENABLE_DEBUG_INFO = NO;
				MTL_FAST_MATH = YES;
				SDKROOT = iphoneos;
				SWIFT_COMPILATION_MODE = wholemodule;
				SWIFT_OPTIMIZATION_LEVEL = "-O";
				VALIDATE_PRODUCT = YES;
			};
			name = Release;
		};
		13DEFF70240BE9C700760F1E /* Debug */ = {
			isa = XCBuildConfiguration;
			buildSettings = {
				ASSETCATALOG_COMPILER_APPICON_NAME = AppIcon;
				CODE_SIGN_STYLE = Automatic;
				DEVELOPMENT_TEAM = 2TBNYM876W;
				INFOPLIST_FILE = "Apple PIe/Info.plist";
				LD_RUNPATH_SEARCH_PATHS = (
					"$(inherited)",
					"@executable_path/Frameworks",
				);
				PRODUCT_BUNDLE_IDENTIFIER = "com.exampleangiemike0608.Apple-PIe";
				PRODUCT_NAME = "$(TARGET_NAME)";
				SWIFT_VERSION = 5.0;
				TARGETED_DEVICE_FAMILY = "1,2";
			};
			name = Debug;
		};
		13DEFF71240BE9C700760F1E /* Release */ = {
			isa = XCBuildConfiguration;
			buildSettings = {
				ASSETCATALOG_COMPILER_APPICON_NAME = AppIcon;
				CODE_SIGN_STYLE = Automatic;
				DEVELOPMENT_TEAM = 2TBNYM876W;
				INFOPLIST_FILE = "Apple PIe/Info.plist";
				LD_RUNPATH_SEARCH_PATHS = (
					"$(inherited)",
					"@executable_path/Frameworks",
				);
				PRODUCT_BUNDLE_IDENTIFIER = "com.exampleangiemike0608.Apple-PIe";
				PRODUCT_NAME = "$(TARGET_NAME)";
				SWIFT_VERSION = 5.0;
				TARGETED_DEVICE_FAMILY = "1,2";
			};
			name = Release;
		};
/* End XCBuildConfiguration section */

/* Begin XCConfigurationList section */
		13DEFF56240BE9C600760F1E /* Build configuration list for PBXProject "Apple PIe" */ = {
			isa = XCConfigurationList;
			buildConfigurations = (
				13DEFF6D240BE9C700760F1E /* Debug */,
				13DEFF6E240BE9C700760F1E /* Release */,
			);
			defaultConfigurationIsVisible = 0;
			defaultConfigurationName = Release;
		};
		13DEFF6F240BE9C700760F1E /* Build configuration list for PBXNativeTarget "Apple PIe" */ = {
			isa = XCConfigurationList;
			buildConfigurations = (
				13DEFF70240BE9C700760F1E /* Debug */,
				13DEFF71240BE9C700760F1E /* Release */,
			);
			defaultConfigurationIsVisible = 0;
			defaultConfigurationName = Release;
		};
/* End XCConfigurationList section */
	};
	rootObject = 13DEFF53240BE9C600760F1E /* Project object */;
}
